
Microsoft Visual Studio Solution File, Format Version 12.00
# Visual Studio Version 17
VisualStudioVersion = 17.14.36616.10 d17.14
MinimumVisualStudioVersion = 10.0.40219.1
Project("{FAE04EC0-301F-11D3-BF4B-00C04F79EFBC}") = "C_Sharp2", "C_Sharp2.csproj", "{A75F3DAD-DB20-4FA5-B8CE-D119F32F76B2}"
EndProject
Global
	GlobalSection(SolutionConfigurationPlatforms) = preSolution
		Debug|Any CPU = Debug|Any CPU
		Release|Any CPU = Release|Any CPU
	EndGlobalSection
	GlobalSection(ProjectConfigurationPlatforms) = postSolution
		{A75F3DAD-DB20-4FA5-B8CE-D119F32F76B2}.Debug|Any CPU.ActiveCfg = Debug|Any CPU
		{A75F3DAD-DB20-4FA5-B8CE-D119F32F76B2}.Debug|Any CPU.Build.0 = Debug|Any CPU
		{A75F3DAD-DB20-4FA5-B8CE-D119F32F76B2}.Release|Any CPU.ActiveCfg = Release|Any CPU
		{A75F3DAD-DB20-4FA5-B8CE-D119F32F76B2}.Release|Any CPU.Build.0 = Release|Any CPU
	EndGlobalSection
	GlobalSection(SolutionProperties) = preSolution
		HideSolutionNode = FALSE
	EndGlobalSection
	GlobalSection(ExtensibilityGlobals) = postSolution
		SolutionGuid = {85F9650E-51FC-4E05-8BCC-FA9596214F38}
	EndGlobalSection
EndGlobal
