
Microsoft Visual Studio Solution File, Format Version 12.00
# Visual Studio Version 17
VisualStudioVersion = 17.14.36616.10 d17.14
MinimumVisualStudioVersion = 10.0.40219.1
Project("{FAE04EC0-301F-11D3-BF4B-00C04F79EFBC}") = "Tabs", "Tabs.csproj", "{0F98F58E-8A8E-4483-BC82-FDE057F59654}"
EndProject
Global
	GlobalSection(SolutionConfigurationPlatforms) = preSolution
		Debug|Any CPU = Debug|Any CPU
		Release|Any CPU = Release|Any CPU
	EndGlobalSection
	GlobalSection(ProjectConfigurationPlatforms) = postSolution
		{0F98F58E-8A8E-4483-BC82-FDE057F59654}.Debug|Any CPU.ActiveCfg = Debug|Any CPU
		{0F98F58E-8A8E-4483-BC82-FDE057F59654}.Debug|Any CPU.Build.0 = Debug|Any CPU
		{0F98F58E-8A8E-4483-BC82-FDE057F59654}.Release|Any CPU.ActiveCfg = Release|Any CPU
		{0F98F58E-8A8E-4483-BC82-FDE057F59654}.Release|Any CPU.Build.0 = Release|Any CPU
	EndGlobalSection
	GlobalSection(SolutionProperties) = preSolution
		HideSolutionNode = FALSE
	EndGlobalSection
	GlobalSection(ExtensibilityGlobals) = postSolution
		SolutionGuid = {03A50FD1-8E19-4B96-AA75-87A6C7EDFF65}
	EndGlobalSection
EndGlobal
